
Microsoft Visual Studio Solution File, Format Version 12.00
# Visual Studio 15
Project("{FAE04EC0-301F-11D3-BF4B-00C04F79EFBC}") = "TicTacToeConsoleApp", "TicTacToeConsoleApp\TicTacToeConsoleApp.csproj", "{0BB2DACD-12F5-4147-B050-FCED234889C3}"
EndProject
Project("{FAE04EC0-301F-11D3-BF4B-00C04F79EFBC}") = "Tests", "Tests\Tests.csproj", "{011E4FDF-9F7E-4A75-86C5-E91B9728DC71}"
EndProject
Global
	GlobalSection(SolutionConfigurationPlatforms) = preSolution
		Debug|Any CPU = Debug|Any CPU
		Release|Any CPU = Release|Any CPU
	EndGlobalSection
	GlobalSection(ProjectConfigurationPlatforms) = postSolution
		{0BB2DACD-12F5-4147-B050-FCED234889C3}.Debug|Any CPU.ActiveCfg = Debug|Any CPU
		{0BB2DACD-12F5-4147-B050-FCED234889C3}.Debug|Any CPU.Build.0 = Debug|Any CPU
		{0BB2DACD-12F5-4147-B050-FCED234889C3}.Release|Any CPU.ActiveCfg = Release|Any CPU
		{0BB2DACD-12F5-4147-B050-FCED234889C3}.Release|Any CPU.Build.0 = Release|Any CPU
		{011E4FDF-9F7E-4A75-86C5-E91B9728DC71}.Debug|Any CPU.ActiveCfg = Debug|Any CPU
		{011E4FDF-9F7E-4A75-86C5-E91B9728DC71}.Debug|Any CPU.Build.0 = Debug|Any CPU
		{011E4FDF-9F7E-4A75-86C5-E91B9728DC71}.Release|Any CPU.ActiveCfg = Release|Any CPU
		{011E4FDF-9F7E-4A75-86C5-E91B9728DC71}.Release|Any CPU.Build.0 = Release|Any CPU
	EndGlobalSection
EndGlobal
